
Microsoft Visual Studio Solution File, Format Version 12.00
# Visual Studio Version 17
VisualStudioVersion = 17.7.34024.191
MinimumVisualStudioVersion = 10.0.40219.1
Project("{FAE04EC0-301F-11D3-BF4B-00C04F79EFBC}") = "TI_DEVEOPS_RECAP", "TI_DEVEOPS_RECAP\TI_DEVEOPS_RECAP.csproj", "{FCA17B2F-6B28-4DFD-8559-87C66EFB7D00}"
EndProject
Global
	GlobalSection(SolutionConfigurationPlatforms) = preSolution
		Debug|Any CPU = Debug|Any CPU
		Release|Any CPU = Release|Any CPU
	EndGlobalSection
	GlobalSection(ProjectConfigurationPlatforms) = postSolution
		{FCA17B2F-6B28-4DFD-8559-87C66EFB7D00}.Debug|Any CPU.ActiveCfg = Debug|Any CPU
		{FCA17B2F-6B28-4DFD-8559-87C66EFB7D00}.Debug|Any CPU.Build.0 = Debug|Any CPU
		{FCA17B2F-6B28-4DFD-8559-87C66EFB7D00}.Release|Any CPU.ActiveCfg = Release|Any CPU
		{FCA17B2F-6B28-4DFD-8559-87C66EFB7D00}.Release|Any CPU.Build.0 = Release|Any CPU
	EndGlobalSection
	GlobalSection(SolutionProperties) = preSolution
		HideSolutionNode = FALSE
	EndGlobalSection
	GlobalSection(ExtensibilityGlobals) = postSolution
		SolutionGuid = {CDA2082A-76A4-430C-91B8-DBF58F5E77E3}
	EndGlobalSection
EndGlobal
